
Microsoft Visual Studio Solution File, Format Version 12.00
# Visual Studio 15
VisualStudioVersion = 15.0.28307.438
MinimumVisualStudioVersion = 10.0.40219.1
Project("{FAE04EC0-301F-11D3-BF4B-00C04F79EFBC}") = "JustApp.Android", "JustApp\JustApp.Android\JustApp.Android.csproj", "{1A5386F4-13BB-49CF-979A-E9B8C3BB8243}"
EndProject
Project("{FAE04EC0-301F-11D3-BF4B-00C04F79EFBC}") = "JustApp.iOS", "JustApp\JustApp.iOS\JustApp.iOS.csproj", "{25449F76-4614-4AFD-AF72-527D8DDF3373}"
EndProject
Project("{FAE04EC0-301F-11D3-BF4B-00C04F79EFBC}") = "JustApp", "JustApp\JustApp\JustApp.csproj", "{DC71104E-1E31-4B33-B199-0809E7C67CC2}"
EndProject
Global
	GlobalSection(SolutionConfigurationPlatforms) = preSolution
		Ad-Hoc|Any CPU = Ad-Hoc|Any CPU
		Ad-Hoc|iPhone = Ad-Hoc|iPhone
		Ad-Hoc|iPhoneSimulator = Ad-Hoc|iPhoneSimulator
		AppStore|Any CPU = AppStore|Any CPU
		AppStore|iPhone = AppStore|iPhone
		AppStore|iPhoneSimulator = AppStore|iPhoneSimulator
		Debug|Any CPU = Debug|Any CPU
		Debug|iPhone = Debug|iPhone
		Debug|iPhoneSimulator = Debug|iPhoneSimulator
		Release|Any CPU = Release|Any CPU
		Release|iPhone = Release|iPhone
		Release|iPhoneSimulator = Release|iPhoneSimulator
	EndGlobalSection
	GlobalSection(ProjectConfigurationPlatforms) = postSolution
		{1A5386F4-13BB-49CF-979A-E9B8C3BB8243}.Ad-Hoc|Any CPU.ActiveCfg = Release|Any CPU
		{1A5386F4-13BB-49CF-979A-E9B8C3BB8243}.Ad-Hoc|Any CPU.Build.0 = Release|Any CPU
		{1A5386F4-13BB-49CF-979A-E9B8C3BB8243}.Ad-Hoc|Any CPU.Deploy.0 = Release|Any CPU
		{1A5386F4-13BB-49CF-979A-E9B8C3BB8243}.Ad-Hoc|iPhone.ActiveCfg = Release|Any CPU
		{1A5386F4-13BB-49CF-979A-E9B8C3BB8243}.Ad-Hoc|iPhone.Build.0 = Release|Any CPU
		{1A5386F4-13BB-49CF-979A-E9B8C3BB8243}.Ad-Hoc|iPhone.Deploy.0 = Release|Any CPU
		{1A5386F4-13BB-49CF-979A-E9B8C3BB8243}.Ad-Hoc|iPhoneSimulator.ActiveCfg = Release|Any CPU
		{1A5386F4-13BB-49CF-979A-E9B8C3BB8243}.Ad-Hoc|iPhoneSimulator.Build.0 = Release|Any CPU
		{1A5386F4-13BB-49CF-979A-E9B8C3BB8243}.Ad-Hoc|iPhoneSimulator.Deploy.0 = Release|Any CPU
		{1A5386F4-13BB-49CF-979A-E9B8C3BB8243}.AppStore|Any CPU.ActiveCfg = Release|Any CPU
		{1A5386F4-13BB-49CF-979A-E9B8C3BB8243}.AppStore|Any CPU.Build.0 = Release|Any CPU
		{1A5386F4-13BB-49CF-979A-E9B8C3BB8243}.AppStore|Any CPU.Deploy.0 = Release|Any CPU
		{1A5386F4-13BB-49CF-979A-E9B8C3BB8243}.AppStore|iPhone.ActiveCfg = Release|Any CPU
		{1A5386F4-13BB-49CF-979A-E9B8C3BB8243}.AppStore|iPhone.Build.0 = Release|Any CPU
		{1A5386F4-13BB-49CF-979A-E9B8C3BB8243}.AppStore|iPhone.Deploy.0 = Release|Any CPU
		{1A5386F4-13BB-49CF-979A-E9B8C3BB8243}.AppStore|iPhoneSimulator.ActiveCfg = Release|Any CPU
		{1A5386F4-13BB-49CF-979A-E9B8C3BB8243}.AppStore|iPhoneSimulator.Build.0 = Release|Any CPU
		{1A5386F4-13BB-49CF-979A-E9B8C3BB8243}.AppStore|iPhoneSimulator.Deploy.0 = Release|Any CPU
		{1A5386F4-13BB-49CF-979A-E9B8C3BB8243}.Debug|Any CPU.ActiveCfg = Debug|Any CPU
		{1A5386F4-13BB-49CF-979A-E9B8C3BB8243}.Debug|Any CPU.Build.0 = Debug|Any CPU
		{1A5386F4-13BB-49CF-979A-E9B8C3BB8243}.Debug|Any CPU.Deploy.0 = Debug|Any CPU
		{1A5386F4-13BB-49CF-979A-E9B8C3BB8243}.Debug|iPhone.ActiveCfg = Debug|Any CPU
		{1A5386F4-13BB-49CF-979A-E9B8C3BB8243}.Debug|iPhone.Build.0 = Debug|Any CPU
		{1A5386F4-13BB-49CF-979A-E9B8C3BB8243}.Debug|iPhone.Deploy.0 = Debug|Any CPU
		{1A5386F4-13BB-49CF-979A-E9B8C3BB8243}.Debug|iPhoneSimulator.ActiveCfg = Debug|Any CPU
		{1A5386F4-13BB-49CF-979A-E9B8C3BB8243}.Debug|iPhoneSimulator.Build.0 = Debug|Any CPU
		{1A5386F4-13BB-49CF-979A-E9B8C3BB8243}.Debug|iPhoneSimulator.Deploy.0 = Debug|Any CPU
		{1A5386F4-13BB-49CF-979A-E9B8C3BB8243}.Release|Any CPU.ActiveCfg = Release|Any CPU
		{1A5386F4-13BB-49CF-979A-E9B8C3BB8243}.Release|Any CPU.Build.0 = Release|Any CPU
		{1A5386F4-13BB-49CF-979A-E9B8C3BB8243}.Release|Any CPU.Deploy.0 = Release|Any CPU
		{1A5386F4-13BB-49CF-979A-E9B8C3BB8243}.Release|iPhone.ActiveCfg = Release|Any CPU
		{1A5386F4-13BB-49CF-979A-E9B8C3BB8243}.Release|iPhone.Build.0 = Release|Any CPU
		{1A5386F4-13BB-49CF-979A-E9B8C3BB8243}.Release|iPhone.Deploy.0 = Release|Any CPU
		{1A5386F4-13BB-49CF-979A-E9B8C3BB8243}.Release|iPhoneSimulator.ActiveCfg = Release|Any CPU
		{1A5386F4-13BB-49CF-979A-E9B8C3BB8243}.Release|iPhoneSimulator.Build.0 = Release|Any CPU
		{1A5386F4-13BB-49CF-979A-E9B8C3BB8243}.Release|iPhoneSimulator.Deploy.0 = Release|Any CPU
		{25449F76-4614-4AFD-AF72-527D8DDF3373}.Ad-Hoc|Any CPU.ActiveCfg = Ad-Hoc|iPhone
		{25449F76-4614-4AFD-AF72-527D8DDF3373}.Ad-Hoc|Any CPU.Build.0 = Ad-Hoc|iPhone
		{25449F76-4614-4AFD-AF72-527D8DDF3373}.Ad-Hoc|Any CPU.Deploy.0 = Ad-Hoc|iPhone
		{25449F76-4614-4AFD-AF72-527D8DDF3373}.Ad-Hoc|iPhone.ActiveCfg = Ad-Hoc|iPhone
		{25449F76-4614-4AFD-AF72-527D8DDF3373}.Ad-Hoc|iPhone.Build.0 = Ad-Hoc|iPhone
		{25449F76-4614-4AFD-AF72-527D8DDF3373}.Ad-Hoc|iPhone.Deploy.0 = Ad-Hoc|iPhone
		{25449F76-4614-4AFD-AF72-527D8DDF3373}.Ad-Hoc|iPhoneSimulator.ActiveCfg = Ad-Hoc|iPhoneSimulator
		{25449F76-4614-4AFD-AF72-527D8DDF3373}.Ad-Hoc|iPhoneSimulator.Build.0 = Ad-Hoc|iPhoneSimulator
		{25449F76-4614-4AFD-AF72-527D8DDF3373}.Ad-Hoc|iPhoneSimulator.Deploy.0 = Ad-Hoc|iPhoneSimulator
		{25449F76-4614-4AFD-AF72-527D8DDF3373}.AppStore|Any CPU.ActiveCfg = AppStore|iPhone
		{25449F76-4614-4AFD-AF72-527D8DDF3373}.AppStore|Any CPU.Build.0 = AppStore|iPhone
		{25449F76-4614-4AFD-AF72-527D8DDF3373}.AppStore|Any CPU.Deploy.0 = AppStore|iPhone
		{25449F76-4614-4AFD-AF72-527D8DDF3373}.AppStore|iPhone.ActiveCfg = AppStore|iPhone
		{25449F76-4614-4AFD-AF72-527D8DDF3373}.AppStore|iPhone.Build.0 = AppStore|iPhone
		{25449F76-4614-4AFD-AF72-527D8DDF3373}.AppStore|iPhone.Deploy.0 = AppStore|iPhone
		{25449F76-4614-4AFD-AF72-527D8DDF3373}.AppStore|iPhoneSimulator.ActiveCfg = AppStore|iPhoneSimulator
		{25449F76-4614-4AFD-AF72-527D8DDF3373}.AppStore|iPhoneSimulator.Build.0 = AppStore|iPhoneSimulator
		{25449F76-4614-4AFD-AF72-527D8DDF3373}.AppStore|iPhoneSimulator.Deploy.0 = AppStore|iPhoneSimulator
		{25449F76-4614-4AFD-AF72-527D8DDF3373}.Debug|Any CPU.ActiveCfg = Debug|iPhoneSimulator
		{25449F76-4614-4AFD-AF72-527D8DDF3373}.Debug|Any CPU.Build.0 = Debug|iPhoneSimulator
		{25449F76-4614-4AFD-AF72-527D8DDF3373}.Debug|Any CPU.Deploy.0 = Debug|iPhoneSimulator
		{25449F76-4614-4AFD-AF72-527D8DDF3373}.Debug|iPhone.ActiveCfg = Debug|iPhone
		{25449F76-4614-4AFD-AF72-527D8DDF3373}.Debug|iPhone.Build.0 = Debug|iPhone
		{25449F76-4614-4AFD-AF72-527D8DDF3373}.Debug|iPhone.Deploy.0 = Debug|iPhone
		{25449F76-4614-4AFD-AF72-527D8DDF3373}.Debug|iPhoneSimulator.ActiveCfg = Debug|iPhoneSimulator
		{25449F76-4614-4AFD-AF72-527D8DDF3373}.Debug|iPhoneSimulator.Build.0 = Debug|iPhoneSimulator
		{25449F76-4614-4AFD-AF72-527D8DDF3373}.Debug|iPhoneSimulator.Deploy.0 = Debug|iPhoneSimulator
		{25449F76-4614-4AFD-AF72-527D8DDF3373}.Release|Any CPU.ActiveCfg = Release|iPhone
		{25449F76-4614-4AFD-AF72-527D8DDF3373}.Release|Any CPU.Build.0 = Release|iPhone
		{25449F76-4614-4AFD-AF72-527D8DDF3373}.Release|Any CPU.Deploy.0 = Release|iPhone
		{25449F76-4614-4AFD-AF72-527D8DDF3373}.Release|iPhone.ActiveCfg = Release|iPhone
		{25449F76-4614-4AFD-AF72-527D8DDF3373}.Release|iPhone.Build.0 = Release|iPhone
		{25449F76-4614-4AFD-AF72-527D8DDF3373}.Release|iPhone.Deploy.0 = Release|iPhone
		{25449F76-4614-4AFD-AF72-527D8DDF3373}.Release|iPhoneSimulator.ActiveCfg = Release|iPhoneSimulator
		{25449F76-4614-4AFD-AF72-527D8DDF3373}.Release|iPhoneSimulator.Build.0 = Release|iPhoneSimulator
		{25449F76-4614-4AFD-AF72-527D8DDF3373}.Release|iPhoneSimulator.Deploy.0 = Release|iPhoneSimulator
		{DC71104E-1E31-4B33-B199-0809E7C67CC2}.Ad-Hoc|Any CPU.ActiveCfg = Debug|Any CPU
		{DC71104E-1E31-4B33-B199-0809E7C67CC2}.Ad-Hoc|Any CPU.Build.0 = Debug|Any CPU
		{DC71104E-1E31-4B33-B199-0809E7C67CC2}.Ad-Hoc|Any CPU.Deploy.0 = Debug|Any CPU
		{DC71104E-1E31-4B33-B199-0809E7C67CC2}.Ad-Hoc|iPhone.ActiveCfg = Debug|Any CPU
		{DC71104E-1E31-4B33-B199-0809E7C67CC2}.Ad-Hoc|iPhone.Build.0 = Debug|Any CPU
		{DC71104E-1E31-4B33-B199-0809E7C67CC2}.Ad-Hoc|iPhone.Deploy.0 = Debug|Any CPU
		{DC71104E-1E31-4B33-B199-0809E7C67CC2}.Ad-Hoc|iPhoneSimulator.ActiveCfg = Debug|Any CPU
		{DC71104E-1E31-4B33-B199-0809E7C67CC2}.Ad-Hoc|iPhoneSimulator.Build.0 = Debug|Any CPU
		{DC71104E-1E31-4B33-B199-0809E7C67CC2}.Ad-Hoc|iPhoneSimulator.Deploy.0 = Debug|Any CPU
		{DC71104E-1E31-4B33-B199-0809E7C67CC2}.AppStore|Any CPU.ActiveCfg = Debug|Any CPU
		{DC71104E-1E31-4B33-B199-0809E7C67CC2}.AppStore|Any CPU.Build.0 = Debug|Any CPU
		{DC71104E-1E31-4B33-B199-0809E7C67CC2}.AppStore|Any CPU.Deploy.0 = Debug|Any CPU
		{DC71104E-1E31-4B33-B199-0809E7C67CC2}.AppStore|iPhone.ActiveCfg = Debug|Any CPU
		{DC71104E-1E31-4B33-B199-0809E7C67CC2}.AppStore|iPhone.Build.0 = Debug|Any CPU
		{DC71104E-1E31-4B33-B199-0809E7C67CC2}.AppStore|iPhone.Deploy.0 = Debug|Any CPU
		{DC71104E-1E31-4B33-B199-0809E7C67CC2}.AppStore|iPhoneSimulator.ActiveCfg = Debug|Any CPU
		{DC71104E-1E31-4B33-B199-0809E7C67CC2}.AppStore|iPhoneSimulator.Build.0 = Debug|Any CPU
		{DC71104E-1E31-4B33-B199-0809E7C67CC2}.AppStore|iPhoneSimulator.Deploy.0 = Debug|Any CPU
		{DC71104E-1E31-4B33-B199-0809E7C67CC2}.Debug|Any CPU.ActiveCfg = Debug|Any CPU
		{DC71104E-1E31-4B33-B199-0809E7C67CC2}.Debug|Any CPU.Build.0 = Debug|Any CPU
		{DC71104E-1E31-4B33-B199-0809E7C67CC2}.Debug|Any CPU.Deploy.0 = Debug|Any CPU
		{DC71104E-1E31-4B33-B199-0809E7C67CC2}.Debug|iPhone.ActiveCfg = Debug|Any CPU
		{DC71104E-1E31-4B33-B199-0809E7C67CC2}.Debug|iPhone.Build.0 = Debug|Any CPU
		{DC71104E-1E31-4B33-B199-0809E7C67CC2}.Debug|iPhone.Deploy.0 = Debug|Any CPU
		{DC71104E-1E31-4B33-B199-0809E7C67CC2}.Debug|iPhoneSimulator.ActiveCfg = Debug|Any CPU
		{DC71104E-1E31-4B33-B199-0809E7C67CC2}.Debug|iPhoneSimulator.Build.0 = Debug|Any CPU
		{DC71104E-1E31-4B33-B199-0809E7C67CC2}.Debug|iPhoneSimulator.Deploy.0 = Debug|Any CPU
		{DC71104E-1E31-4B33-B199-0809E7C67CC2}.Release|Any CPU.ActiveCfg = Release|Any CPU
		{DC71104E-1E31-4B33-B199-0809E7C67CC2}.Release|Any CPU.Build.0 = Release|Any CPU
		{DC71104E-1E31-4B33-B199-0809E7C67CC2}.Release|Any CPU.Deploy.0 = Release|Any CPU
		{DC71104E-1E31-4B33-B199-0809E7C67CC2}.Release|iPhone.ActiveCfg = Release|Any CPU
		{DC71104E-1E31-4B33-B199-0809E7C67CC2}.Release|iPhone.Build.0 = Release|Any CPU
		{DC71104E-1E31-4B33-B199-0809E7C67CC2}.Release|iPhone.Deploy.0 = Release|Any CPU
		{DC71104E-1E31-4B33-B199-0809E7C67CC2}.Release|iPhoneSimulator.ActiveCfg = Release|Any CPU
		{DC71104E-1E31-4B33-B199-0809E7C67CC2}.Release|iPhoneSimulator.Build.0 = Release|Any CPU
		{DC71104E-1E31-4B33-B199-0809E7C67CC2}.Release|iPhoneSimulator.Deploy.0 = Release|Any CPU
	EndGlobalSection
	GlobalSection(SolutionProperties) = preSolution
		HideSolutionNode = FALSE
	EndGlobalSection
	GlobalSection(ExtensibilityGlobals) = postSolution
		SolutionGuid = {D32B912E-66D6-4E84-BB0F-B117109ECA9D}
	EndGlobalSection
EndGlobal
